
Microsoft Visual Studio Solution File, Format Version 12.00
# Visual Studio Version 16
VisualStudioVersion = 16.0.30804.86
MinimumVisualStudioVersion = 10.0.40219.1
Project("{9A19103F-16F7-4668-BE54-9A1E7A4F7556}") = "Lesson1Project", "Lesson1Project\Lesson1Project.csproj", "{9E85CAFD-F54A-4511-A742-6636F8515F8F}"
EndProject
Project("{9A19103F-16F7-4668-BE54-9A1E7A4F7556}") = "Lesson2Project", "Lesson2Project\Lesson2Project.csproj", "{1D7859D2-C873-4BCD-9087-2369D9D6C1D9}"
EndProject
Project("{9A19103F-16F7-4668-BE54-9A1E7A4F7556}") = "Lesson3Project", "Lesson3Project\Lesson3Project.csproj", "{971CCFAA-CE10-4DEF-B656-B5E8138C2658}"
EndProject
Project("{9A19103F-16F7-4668-BE54-9A1E7A4F7556}") = "Lesson4Project", "Lesson4Project\Lesson4Project.csproj", "{C11462A5-DC5F-4AC4-AA63-896DB8DE508C}"
EndProject
Project("{9A19103F-16F7-4668-BE54-9A1E7A4F7556}") = "Lesson5Project", "Lesson5Project\Lesson5Project.csproj", "{EEFED235-3B86-49EF-89CC-FB20E5B24C4B}"
EndProject
Global
	GlobalSection(SolutionConfigurationPlatforms) = preSolution
		Debug|Any CPU = Debug|Any CPU
		Release|Any CPU = Release|Any CPU
	EndGlobalSection
	GlobalSection(ProjectConfigurationPlatforms) = postSolution
		{9E85CAFD-F54A-4511-A742-6636F8515F8F}.Debug|Any CPU.ActiveCfg = Debug|Any CPU
		{9E85CAFD-F54A-4511-A742-6636F8515F8F}.Debug|Any CPU.Build.0 = Debug|Any CPU
		{9E85CAFD-F54A-4511-A742-6636F8515F8F}.Release|Any CPU.ActiveCfg = Release|Any CPU
		{9E85CAFD-F54A-4511-A742-6636F8515F8F}.Release|Any CPU.Build.0 = Release|Any CPU
		{1D7859D2-C873-4BCD-9087-2369D9D6C1D9}.Debug|Any CPU.ActiveCfg = Debug|Any CPU
		{1D7859D2-C873-4BCD-9087-2369D9D6C1D9}.Debug|Any CPU.Build.0 = Debug|Any CPU
		{1D7859D2-C873-4BCD-9087-2369D9D6C1D9}.Release|Any CPU.ActiveCfg = Release|Any CPU
		{1D7859D2-C873-4BCD-9087-2369D9D6C1D9}.Release|Any CPU.Build.0 = Release|Any CPU
		{971CCFAA-CE10-4DEF-B656-B5E8138C2658}.Debug|Any CPU.ActiveCfg = Debug|Any CPU
		{971CCFAA-CE10-4DEF-B656-B5E8138C2658}.Debug|Any CPU.Build.0 = Debug|Any CPU
		{971CCFAA-CE10-4DEF-B656-B5E8138C2658}.Release|Any CPU.ActiveCfg = Release|Any CPU
		{971CCFAA-CE10-4DEF-B656-B5E8138C2658}.Release|Any CPU.Build.0 = Release|Any CPU
		{C11462A5-DC5F-4AC4-AA63-896DB8DE508C}.Debug|Any CPU.ActiveCfg = Debug|Any CPU
		{C11462A5-DC5F-4AC4-AA63-896DB8DE508C}.Debug|Any CPU.Build.0 = Debug|Any CPU
		{C11462A5-DC5F-4AC4-AA63-896DB8DE508C}.Release|Any CPU.ActiveCfg = Release|Any CPU
		{C11462A5-DC5F-4AC4-AA63-896DB8DE508C}.Release|Any CPU.Build.0 = Release|Any CPU
		{EEFED235-3B86-49EF-89CC-FB20E5B24C4B}.Debug|Any CPU.ActiveCfg = Debug|Any CPU
		{EEFED235-3B86-49EF-89CC-FB20E5B24C4B}.Debug|Any CPU.Build.0 = Debug|Any CPU
		{EEFED235-3B86-49EF-89CC-FB20E5B24C4B}.Release|Any CPU.ActiveCfg = Release|Any CPU
		{EEFED235-3B86-49EF-89CC-FB20E5B24C4B}.Release|Any CPU.Build.0 = Release|Any CPU
	EndGlobalSection
	GlobalSection(SolutionProperties) = preSolution
		HideSolutionNode = FALSE
	EndGlobalSection
	GlobalSection(ExtensibilityGlobals) = postSolution
		SolutionGuid = {B65E1179-0CA5-4C14-B306-5399899EEF26}
	EndGlobalSection
EndGlobal
